// !$*UTF8*$!
{
	archiveVersion = 1;
	classes = {
	};
	objectVersion = 46;
	objects = {

/* Begin PBXBuildFile section */
		B74262C81C80EEF900DE0CE2 /* SSTableViewCell.swift in Sources */ = {isa = PBXBuildFile; fileRef = B74262C71C80EEF900DE0CE2 /* SSTableViewCell.swift */; };
		B74262CA1C84BDF000DE0CE2 /* MenuViewController.swift in Sources */ = {isa = PBXBuildFile; fileRef = B74262C91C84BDF000DE0CE2 /* MenuViewController.swift */; };
		B75A940D1BFA67220075C2DA /* SSDayView.swift in Sources */ = {isa = PBXBuildFile; fileRef = B75A940C1BFA67220075C2DA /* SSDayView.swift */; };
		B75A94261BFE2F3E0075C2DA /* SSShift.swift in Sources */ = {isa = PBXBuildFile; fileRef = B75A94251BFE2F3E0075C2DA /* SSShift.swift */; };
		B75A942E1BFEB0200075C2DA /* SSNote.swift in Sources */ = {isa = PBXBuildFile; fileRef = B75A942D1BFEB0200075C2DA /* SSNote.swift */; };
		B75A946B1BFF96510075C2DA /* ExtensionsAndProtocols.swift in Sources */ = {isa = PBXBuildFile; fileRef = B75A946A1BFF96510075C2DA /* ExtensionsAndProtocols.swift */; };
		B75A946D1C0389070075C2DA /* SSButton.swift in Sources */ = {isa = PBXBuildFile; fileRef = B75A946C1C0389070075C2DA /* SSButton.swift */; };
		B75A946F1C062B640075C2DA /* SSSchedule.swift in Sources */ = {isa = PBXBuildFile; fileRef = B75A946E1C062B640075C2DA /* SSSchedule.swift */; };
		B78675E41C690F6D0028663A /* CoreDataStackManager.swift in Sources */ = {isa = PBXBuildFile; fileRef = B78675E31C690F6D0028663A /* CoreDataStackManager.swift */; };
		B78676241C697B420028663A /* ShiftShareModel.xcdatamodeld in Sources */ = {isa = PBXBuildFile; fileRef = B78676221C697B420028663A /* ShiftShareModel.xcdatamodeld */; };
		B792748E1BF55E4400FFE21C /* AppDelegate.swift in Sources */ = {isa = PBXBuildFile; fileRef = B792748D1BF55E4400FFE21C /* AppDelegate.swift */; };
		B79274901BF55E4400FFE21C /* CalendarViewController.swift in Sources */ = {isa = PBXBuildFile; fileRef = B792748F1BF55E4400FFE21C /* CalendarViewController.swift */; };
		B79274931BF55E4400FFE21C /* Main.storyboard in Resources */ = {isa = PBXBuildFile; fileRef = B79274911BF55E4400FFE21C /* Main.storyboard */; };
		B79274951BF55E4400FFE21C /* Assets.xcassets in Resources */ = {isa = PBXBuildFile; fileRef = B79274941BF55E4400FFE21C /* Assets.xcassets */; };
		B79274981BF55E4400FFE21C /* LaunchScreen.storyboard in Resources */ = {isa = PBXBuildFile; fileRef = B79274961BF55E4400FFE21C /* LaunchScreen.storyboard */; };
		B79274A31BF55E4400FFE21C /* Shift_ShareTests.swift in Sources */ = {isa = PBXBuildFile; fileRef = B79274A21BF55E4400FFE21C /* Shift_ShareTests.swift */; };
		B79274AE1BF55E4400FFE21C /* Shift_ShareUITests.swift in Sources */ = {isa = PBXBuildFile; fileRef = B79274AD1BF55E4400FFE21C /* Shift_ShareUITests.swift */; };
		B7C7781F1C2210EC006213CA /* TBDataEditViewController.swift in Sources */ = {isa = PBXBuildFile; fileRef = B7C7781E1C2210EC006213CA /* TBDataEditViewController.swift */; };
		B7E2A68A1C860A04001243E3 /* SSUser.swift in Sources */ = {isa = PBXBuildFile; fileRef = B7E2A6891C860A04001243E3 /* SSUser.swift */; };
		B7E2A68C1C860CA2001243E3 /* LoginViewController.swift in Sources */ = {isa = PBXBuildFile; fileRef = B7E2A68B1C860CA2001243E3 /* LoginViewController.swift */; };
		B7E2A68E1C8760C5001243E3 /* KeyboardPresentViewController.swift in Sources */ = {isa = PBXBuildFile; fileRef = B7E2A68D1C8760C5001243E3 /* KeyboardPresentViewController.swift */; };
		B7E6C1331C16657600A30682 /* SSShiftType.swift in Sources */ = {isa = PBXBuildFile; fileRef = B7E6C1321C16657600A30682 /* SSShiftType.swift */; };
		B7E6C1351C19F20800A30682 /* ScheduleEditViewController.swift in Sources */ = {isa = PBXBuildFile; fileRef = B7E6C1341C19F20800A30682 /* ScheduleEditViewController.swift */; };
		D737A387B0A4C4BDF7D71E54 /* Pods_Shift_Share.framework in Frameworks */ = {isa = PBXBuildFile; fileRef = 118FB04471BA827DDB631C39 /* Pods_Shift_Share.framework */; };
/* End PBXBuildFile section */

/* Begin PBXContainerItemProxy section */
		B792749F1BF55E4400FFE21C /* PBXContainerItemProxy */ = {
			isa = PBXContainerItemProxy;
			containerPortal = B79274821BF55E4400FFE21C /* Project object */;
			proxyType = 1;
			remoteGlobalIDString = B79274891BF55E4400FFE21C;
			remoteInfo = "Shift Share";
		};
		B79274AA1BF55E4400FFE21C /* PBXContainerItemProxy */ = {
			isa = PBXContainerItemProxy;
			containerPortal = B79274821BF55E4400FFE21C /* Project object */;
			proxyType = 1;
			remoteGlobalIDString = B79274891BF55E4400FFE21C;
			remoteInfo = "Shift Share";
		};
/* End PBXContainerItemProxy section */

/* Begin PBXFileReference section */
		118FB04471BA827DDB631C39 /* Pods_Shift_Share.framework */ = {isa = PBXFileReference; explicitFileType = wrapper.framework; includeInIndex = 0; path = Pods_Shift_Share.framework; sourceTree = BUILT_PRODUCTS_DIR; };
		6DACC15CF003DFF0F2193ED2 /* Pods-Shift Share.release.xcconfig */ = {isa = PBXFileReference; includeInIndex = 1; lastKnownFileType = text.xcconfig; name = "Pods-Shift Share.release.xcconfig"; path = "Pods/Target Support Files/Pods-Shift Share/Pods-Shift Share.release.xcconfig"; sourceTree = "<group>"; };
		964610BB11D66B011FC0E2C5 /* Pods-Shift Share.debug.xcconfig */ = {isa = PBXFileReference; includeInIndex = 1; lastKnownFileType = text.xcconfig; name = "Pods-Shift Share.debug.xcconfig"; path = "Pods/Target Support Files/Pods-Shift Share/Pods-Shift Share.debug.xcconfig"; sourceTree = "<group>"; };
		B74262C71C80EEF900DE0CE2 /* SSTableViewCell.swift */ = {isa = PBXFileReference; fileEncoding = 4; lastKnownFileType = sourcecode.swift; path = SSTableViewCell.swift; sourceTree = "<group>"; };
		B74262C91C84BDF000DE0CE2 /* MenuViewController.swift */ = {isa = PBXFileReference; fileEncoding = 4; lastKnownFileType = sourcecode.swift; path = MenuViewController.swift; sourceTree = "<group>"; };
		B75A940C1BFA67220075C2DA /* SSDayView.swift */ = {isa = PBXFileReference; fileEncoding = 4; lastKnownFileType = sourcecode.swift; path = SSDayView.swift; sourceTree = "<group>"; };
		B75A94251BFE2F3E0075C2DA /* SSShift.swift */ = {isa = PBXFileReference; fileEncoding = 4; lastKnownFileType = sourcecode.swift; path = SSShift.swift; sourceTree = "<group>"; };
		B75A942D1BFEB0200075C2DA /* SSNote.swift */ = {isa = PBXFileReference; fileEncoding = 4; lastKnownFileType = sourcecode.swift; path = SSNote.swift; sourceTree = "<group>"; };
		B75A946A1BFF96510075C2DA /* ExtensionsAndProtocols.swift */ = {isa = PBXFileReference; fileEncoding = 4; lastKnownFileType = sourcecode.swift; path = ExtensionsAndProtocols.swift; sourceTree = "<group>"; };
		B75A946C1C0389070075C2DA /* SSButton.swift */ = {isa = PBXFileReference; fileEncoding = 4; lastKnownFileType = sourcecode.swift; path = SSButton.swift; sourceTree = "<group>"; };
		B75A946E1C062B640075C2DA /* SSSchedule.swift */ = {isa = PBXFileReference; fileEncoding = 4; lastKnownFileType = sourcecode.swift; path = SSSchedule.swift; sourceTree = "<group>"; };
		B78675E31C690F6D0028663A /* CoreDataStackManager.swift */ = {isa = PBXFileReference; fileEncoding = 4; lastKnownFileType = sourcecode.swift; path = CoreDataStackManager.swift; sourceTree = "<group>"; };
		B78676231C697B420028663A /* ShiftShareModel.xcdatamodel */ = {isa = PBXFileReference; lastKnownFileType = wrapper.xcdatamodel; path = ShiftShareModel.xcdatamodel; sourceTree = "<group>"; };
		B792748A1BF55E4400FFE21C /* Shift Share.app */ = {isa = PBXFileReference; explicitFileType = wrapper.application; includeInIndex = 0; path = "Shift Share.app"; sourceTree = BUILT_PRODUCTS_DIR; };
		B792748D1BF55E4400FFE21C /* AppDelegate.swift */ = {isa = PBXFileReference; lastKnownFileType = sourcecode.swift; path = AppDelegate.swift; sourceTree = "<group>"; };
		B792748F1BF55E4400FFE21C /* CalendarViewController.swift */ = {isa = PBXFileReference; lastKnownFileType = sourcecode.swift; path = CalendarViewController.swift; sourceTree = "<group>"; };
		B79274921BF55E4400FFE21C /* Base */ = {isa = PBXFileReference; lastKnownFileType = file.storyboard; name = Base; path = Base.lproj/Main.storyboard; sourceTree = "<group>"; };
		B79274941BF55E4400FFE21C /* Assets.xcassets */ = {isa = PBXFileReference; lastKnownFileType = folder.assetcatalog; path = Assets.xcassets; sourceTree = "<group>"; };
		B79274971BF55E4400FFE21C /* Base */ = {isa = PBXFileReference; lastKnownFileType = file.storyboard; name = Base; path = Base.lproj/LaunchScreen.storyboard; sourceTree = "<group>"; };
		B79274991BF55E4400FFE21C /* Info.plist */ = {isa = PBXFileReference; lastKnownFileType = text.plist.xml; path = Info.plist; sourceTree = "<group>"; };
		B792749E1BF55E4400FFE21C /* Shift ShareTests.xctest */ = {isa = PBXFileReference; explicitFileType = wrapper.cfbundle; includeInIndex = 0; path = "Shift ShareTests.xctest"; sourceTree = BUILT_PRODUCTS_DIR; };
		B79274A21BF55E4400FFE21C /* Shift_ShareTests.swift */ = {isa = PBXFileReference; lastKnownFileType = sourcecode.swift; path = Shift_ShareTests.swift; sourceTree = "<group>"; };
		B79274A41BF55E4400FFE21C /* Info.plist */ = {isa = PBXFileReference; lastKnownFileType = text.plist.xml; path = Info.plist; sourceTree = "<group>"; };
		B79274A91BF55E4400FFE21C /* Shift ShareUITests.xctest */ = {isa = PBXFileReference; explicitFileType = wrapper.cfbundle; includeInIndex = 0; path = "Shift ShareUITests.xctest"; sourceTree = BUILT_PRODUCTS_DIR; };
		B79274AD1BF55E4400FFE21C /* Shift_ShareUITests.swift */ = {isa = PBXFileReference; lastKnownFileType = sourcecode.swift; path = Shift_ShareUITests.swift; sourceTree = "<group>"; };
		B79274AF1BF55E4400FFE21C /* Info.plist */ = {isa = PBXFileReference; lastKnownFileType = text.plist.xml; path = Info.plist; sourceTree = "<group>"; };
		B7C7781E1C2210EC006213CA /* TBDataEditViewController.swift */ = {isa = PBXFileReference; fileEncoding = 4; lastKnownFileType = sourcecode.swift; path = TBDataEditViewController.swift; sourceTree = "<group>"; };
		B7E2A6891C860A04001243E3 /* SSUser.swift */ = {isa = PBXFileReference; fileEncoding = 4; lastKnownFileType = sourcecode.swift; path = SSUser.swift; sourceTree = "<group>"; };
		B7E2A68B1C860CA2001243E3 /* LoginViewController.swift */ = {isa = PBXFileReference; fileEncoding = 4; lastKnownFileType = sourcecode.swift; path = LoginViewController.swift; sourceTree = "<group>"; };
		B7E2A68D1C8760C5001243E3 /* KeyboardPresentViewController.swift */ = {isa = PBXFileReference; fileEncoding = 4; lastKnownFileType = sourcecode.swift; path = KeyboardPresentViewController.swift; sourceTree = "<group>"; };
		B7E6C1321C16657600A30682 /* SSShiftType.swift */ = {isa = PBXFileReference; fileEncoding = 4; lastKnownFileType = sourcecode.swift; path = SSShiftType.swift; sourceTree = "<group>"; };
		B7E6C1341C19F20800A30682 /* ScheduleEditViewController.swift */ = {isa = PBXFileReference; fileEncoding = 4; lastKnownFileType = sourcecode.swift; path = ScheduleEditViewController.swift; sourceTree = "<group>"; };
/* End PBXFileReference section */

/* Begin PBXFrameworksBuildPhase section */
		B79274871BF55E4400FFE21C /* Frameworks */ = {
			isa = PBXFrameworksBuildPhase;
			buildActionMask = 2147483647;
			files = (
				D737A387B0A4C4BDF7D71E54 /* Pods_Shift_Share.framework in Frameworks */,
			);
			runOnlyForDeploymentPostprocessing = 0;
		};
		B792749B1BF55E4400FFE21C /* Frameworks */ = {
			isa = PBXFrameworksBuildPhase;
			buildActionMask = 2147483647;
			files = (
			);
			runOnlyForDeploymentPostprocessing = 0;
		};
		B79274A61BF55E4400FFE21C /* Frameworks */ = {
			isa = PBXFrameworksBuildPhase;
			buildActionMask = 2147483647;
			files = (
			);
			runOnlyForDeploymentPostprocessing = 0;
		};
/* End PBXFrameworksBuildPhase section */

/* Begin PBXGroup section */
		0D5946E73D7E68708F275ED4 /* Frameworks */ = {
			isa = PBXGroup;
			children = (
				118FB04471BA827DDB631C39 /* Pods_Shift_Share.framework */,
			);
			name = Frameworks;
			sourceTree = "<group>";
		};
		B75A940B1BFA66EA0075C2DA /* View */ = {
			isa = PBXGroup;
			children = (
				B74262C71C80EEF900DE0CE2 /* SSTableViewCell.swift */,
				B75A940C1BFA67220075C2DA /* SSDayView.swift */,
				B75A946C1C0389070075C2DA /* SSButton.swift */,
			);
			name = View;
			sourceTree = "<group>";
		};
		B75A942F1BFEB1DC0075C2DA /* Model */ = {
			isa = PBXGroup;
			children = (
				B75A942D1BFEB0200075C2DA /* SSNote.swift */,
				B75A94251BFE2F3E0075C2DA /* SSShift.swift */,
				B75A946E1C062B640075C2DA /* SSSchedule.swift */,
				B7E6C1321C16657600A30682 /* SSShiftType.swift */,
				B7E2A6891C860A04001243E3 /* SSUser.swift */,
			);
			name = Model;
			sourceTree = "<group>";
		};
		B79274811BF55E4400FFE21C = {
			isa = PBXGroup;
			children = (
				B792748C1BF55E4400FFE21C /* Shift Share */,
				B79274A11BF55E4400FFE21C /* Shift ShareTests */,
				B79274AC1BF55E4400FFE21C /* Shift ShareUITests */,
				B792748B1BF55E4400FFE21C /* Products */,
				E1BFC6D477F7051E1CD91882 /* Pods */,
				0D5946E73D7E68708F275ED4 /* Frameworks */,
			);
			sourceTree = "<group>";
		};
		B792748B1BF55E4400FFE21C /* Products */ = {
			isa = PBXGroup;
			children = (
				B792748A1BF55E4400FFE21C /* Shift Share.app */,
				B792749E1BF55E4400FFE21C /* Shift ShareTests.xctest */,
				B79274A91BF55E4400FFE21C /* Shift ShareUITests.xctest */,
			);
			name = Products;
			sourceTree = "<group>";
		};
		B792748C1BF55E4400FFE21C /* Shift Share */ = {
			isa = PBXGroup;
			children = (
				B792748D1BF55E4400FFE21C /* AppDelegate.swift */,
				B78675E31C690F6D0028663A /* CoreDataStackManager.swift */,
				B75A946A1BFF96510075C2DA /* ExtensionsAndProtocols.swift */,
				B78676221C697B420028663A /* ShiftShareModel.xcdatamodeld */,
				B75A942F1BFEB1DC0075C2DA /* Model */,
				B75A940B1BFA66EA0075C2DA /* View */,
				B79274BB1BF5600800FFE21C /* Controller */,
				B79274941BF55E4400FFE21C /* Assets.xcassets */,
				B79274BC1BF5602700FFE21C /* Supporting Files */,
			);
			path = "Shift Share";
			sourceTree = "<group>";
		};
		B79274A11BF55E4400FFE21C /* Shift ShareTests */ = {
			isa = PBXGroup;
			children = (
				B79274A21BF55E4400FFE21C /* Shift_ShareTests.swift */,
				B79274A41BF55E4400FFE21C /* Info.plist */,
			);
			path = "Shift ShareTests";
			sourceTree = "<group>";
		};
		B79274AC1BF55E4400FFE21C /* Shift ShareUITests */ = {
			isa = PBXGroup;
			children = (
				B79274AD1BF55E4400FFE21C /* Shift_ShareUITests.swift */,
				B79274AF1BF55E4400FFE21C /* Info.plist */,
			);
			path = "Shift ShareUITests";
			sourceTree = "<group>";
		};
		B79274BB1BF5600800FFE21C /* Controller */ = {
			isa = PBXGroup;
			children = (
				B7E2A68D1C8760C5001243E3 /* KeyboardPresentViewController.swift */,
				B7E2A68B1C860CA2001243E3 /* LoginViewController.swift */,
				B792748F1BF55E4400FFE21C /* CalendarViewController.swift */,
				B7E6C1341C19F20800A30682 /* ScheduleEditViewController.swift */,
				B7C7781E1C2210EC006213CA /* TBDataEditViewController.swift */,
				B74262C91C84BDF000DE0CE2 /* MenuViewController.swift */,
			);
			name = Controller;
			sourceTree = "<group>";
		};
		B79274BC1BF5602700FFE21C /* Supporting Files */ = {
			isa = PBXGroup;
			children = (
				B79274991BF55E4400FFE21C /* Info.plist */,
				B79274911BF55E4400FFE21C /* Main.storyboard */,
				B79274961BF55E4400FFE21C /* LaunchScreen.storyboard */,
			);
			name = "Supporting Files";
			sourceTree = "<group>";
		};
		E1BFC6D477F7051E1CD91882 /* Pods */ = {
			isa = PBXGroup;
			children = (
				964610BB11D66B011FC0E2C5 /* Pods-Shift Share.debug.xcconfig */,
				6DACC15CF003DFF0F2193ED2 /* Pods-Shift Share.release.xcconfig */,
			);
			name = Pods;
			sourceTree = "<group>";
		};
/* End PBXGroup section */

/* Begin PBXNativeTarget section */
		B79274891BF55E4400FFE21C /* Shift Share */ = {
			isa = PBXNativeTarget;
			buildConfigurationList = B79274B21BF55E4400FFE21C /* Build configuration list for PBXNativeTarget "Shift Share" */;
			buildPhases = (
				05140ECEE84F74565619C6BF /* Check Pods Manifest.lock */,
				B79274861BF55E4400FFE21C /* Sources */,
				B79274871BF55E4400FFE21C /* Frameworks */,
				B79274881BF55E4400FFE21C /* Resources */,
				C0711E4ADAE4A01F58634E58 /* Embed Pods Frameworks */,
				51DBD17563714D5C7E04EEA4 /* Copy Pods Resources */,
			);
			buildRules = (
			);
			dependencies = (
			);
			name = "Shift Share";
			productName = "Shift Share";
			productReference = B792748A1BF55E4400FFE21C /* Shift Share.app */;
			productType = "com.apple.product-type.application";
		};
		B792749D1BF55E4400FFE21C /* Shift ShareTests */ = {
			isa = PBXNativeTarget;
			buildConfigurationList = B79274B51BF55E4400FFE21C /* Build configuration list for PBXNativeTarget "Shift ShareTests" */;
			buildPhases = (
				B792749A1BF55E4400FFE21C /* Sources */,
				B792749B1BF55E4400FFE21C /* Frameworks */,
				B792749C1BF55E4400FFE21C /* Resources */,
			);
			buildRules = (
			);
			dependencies = (
				B79274A01BF55E4400FFE21C /* PBXTargetDependency */,
			);
			name = "Shift ShareTests";
			productName = "Shift ShareTests";
			productReference = B792749E1BF55E4400FFE21C /* Shift ShareTests.xctest */;
			productType = "com.apple.product-type.bundle.unit-test";
		};
		B79274A81BF55E4400FFE21C /* Shift ShareUITests */ = {
			isa = PBXNativeTarget;
			buildConfigurationList = B79274B81BF55E4400FFE21C /* Build configuration list for PBXNativeTarget "Shift ShareUITests" */;
			buildPhases = (
				B79274A51BF55E4400FFE21C /* Sources */,
				B79274A61BF55E4400FFE21C /* Frameworks */,
				B79274A71BF55E4400FFE21C /* Resources */,
			);
			buildRules = (
			);
			dependencies = (
				B79274AB1BF55E4400FFE21C /* PBXTargetDependency */,
			);
			name = "Shift ShareUITests";
			productName = "Shift ShareUITests";
			productReference = B79274A91BF55E4400FFE21C /* Shift ShareUITests.xctest */;
			productType = "com.apple.product-type.bundle.ui-testing";
		};
/* End PBXNativeTarget section */

/* Begin PBXProject section */
		B79274821BF55E4400FFE21C /* Project object */ = {
			isa = PBXProject;
			attributes = {
				LastSwiftUpdateCheck = 0710;
				LastUpgradeCheck = 0710;
				ORGANIZATIONNAME = "Brian Josel";
				TargetAttributes = {
					B79274891BF55E4400FFE21C = {
						CreatedOnToolsVersion = 7.1;
						DevelopmentTeam = J6UJF3YUKE;
					};
					B792749D1BF55E4400FFE21C = {
						CreatedOnToolsVersion = 7.1;
						DevelopmentTeam = J6UJF3YUKE;
						TestTargetID = B79274891BF55E4400FFE21C;
					};
					B79274A81BF55E4400FFE21C = {
						CreatedOnToolsVersion = 7.1;
						DevelopmentTeam = J6UJF3YUKE;
						TestTargetID = B79274891BF55E4400FFE21C;
					};
				};
			};
			buildConfigurationList = B79274851BF55E4400FFE21C /* Build configuration list for PBXProject "Shift Share" */;
			compatibilityVersion = "Xcode 3.2";
			developmentRegion = English;
			hasScannedForEncodings = 0;
			knownRegions = (
				en,
				Base,
			);
			mainGroup = B79274811BF55E4400FFE21C;
			productRefGroup = B792748B1BF55E4400FFE21C /* Products */;
			projectDirPath = "";
			projectRoot = "";
			targets = (
				B79274891BF55E4400FFE21C /* Shift Share */,
				B792749D1BF55E4400FFE21C /* Shift ShareTests */,
				B79274A81BF55E4400FFE21C /* Shift ShareUITests */,
			);
		};
/* End PBXProject section */

/* Begin PBXResourcesBuildPhase section */
		B79274881BF55E4400FFE21C /* Resources */ = {
			isa = PBXResourcesBuildPhase;
			buildActionMask = 2147483647;
			files = (
				B79274981BF55E4400FFE21C /* LaunchScreen.storyboard in Resources */,
				B79274951BF55E4400FFE21C /* Assets.xcassets in Resources */,
				B79274931BF55E4400FFE21C /* Main.storyboard in Resources */,
			);
			runOnlyForDeploymentPostprocessing = 0;
		};
		B792749C1BF55E4400FFE21C /* Resources */ = {
			isa = PBXResourcesBuildPhase;
			buildActionMask = 2147483647;
			files = (
			);
			runOnlyForDeploymentPostprocessing = 0;
		};
		B79274A71BF55E4400FFE21C /* Resources */ = {
			isa = PBXResourcesBuildPhase;
			buildActionMask = 2147483647;
			files = (
			);
			runOnlyForDeploymentPostprocessing = 0;
		};
/* End PBXResourcesBuildPhase section */

/* Begin PBXShellScriptBuildPhase section */
		05140ECEE84F74565619C6BF /* Check Pods Manifest.lock */ = {
			isa = PBXShellScriptBuildPhase;
			buildActionMask = 2147483647;
			files = (
			);
			inputPaths = (
			);
			name = "Check Pods Manifest.lock";
			outputPaths = (
			);
			runOnlyForDeploymentPostprocessing = 0;
			shellPath = /bin/sh;
			shellScript = "diff \"${PODS_ROOT}/../Podfile.lock\" \"${PODS_ROOT}/Manifest.lock\" > /dev/null\nif [[ $? != 0 ]] ; then\n    cat << EOM\nerror: The sandbox is not in sync with the Podfile.lock. Run 'pod install' or update your CocoaPods installation.\nEOM\n    exit 1\nfi\n";
			showEnvVarsInLog = 0;
		};
		51DBD17563714D5C7E04EEA4 /* Copy Pods Resources */ = {
			isa = PBXShellScriptBuildPhase;
			buildActionMask = 2147483647;
			files = (
			);
			inputPaths = (
			);
			name = "Copy Pods Resources";
			outputPaths = (
			);
			runOnlyForDeploymentPostprocessing = 0;
			shellPath = /bin/sh;
			shellScript = "\"${SRCROOT}/Pods/Target Support Files/Pods-Shift Share/Pods-Shift Share-resources.sh\"\n";
			showEnvVarsInLog = 0;
		};
		C0711E4ADAE4A01F58634E58 /* Embed Pods Frameworks */ = {
			isa = PBXShellScriptBuildPhase;
			buildActionMask = 2147483647;
			files = (
			);
			inputPaths = (
			);
			name = "Embed Pods Frameworks";
			outputPaths = (
			);
			runOnlyForDeploymentPostprocessing = 0;
			shellPath = /bin/sh;
			shellScript = "\"${SRCROOT}/Pods/Target Support Files/Pods-Shift Share/Pods-Shift Share-frameworks.sh\"\n";
			showEnvVarsInLog = 0;
		};
/* End PBXShellScriptBuildPhase section */

/* Begin PBXSourcesBuildPhase section */
		B79274861BF55E4400FFE21C /* Sources */ = {
			isa = PBXSourcesBuildPhase;
			buildActionMask = 2147483647;
			files = (
				B7C7781F1C2210EC006213CA /* TBDataEditViewController.swift in Sources */,
				B74262CA1C84BDF000DE0CE2 /* MenuViewController.swift in Sources */,
				B79274901BF55E4400FFE21C /* CalendarViewController.swift in Sources */,
				B78675E41C690F6D0028663A /* CoreDataStackManager.swift in Sources */,
				B75A94261BFE2F3E0075C2DA /* SSShift.swift in Sources */,
				B7E2A68E1C8760C5001243E3 /* KeyboardPresentViewController.swift in Sources */,
				B75A946B1BFF96510075C2DA /* ExtensionsAndProtocols.swift in Sources */,
				B75A946D1C0389070075C2DA /* SSButton.swift in Sources */,
				B7E6C1351C19F20800A30682 /* ScheduleEditViewController.swift in Sources */,
				B75A946F1C062B640075C2DA /* SSSchedule.swift in Sources */,
				B75A940D1BFA67220075C2DA /* SSDayView.swift in Sources */,
				B75A942E1BFEB0200075C2DA /* SSNote.swift in Sources */,
				B7E6C1331C16657600A30682 /* SSShiftType.swift in Sources */,
				B7E2A68A1C860A04001243E3 /* SSUser.swift in Sources */,
				B7E2A68C1C860CA2001243E3 /* LoginViewController.swift in Sources */,
				B74262C81C80EEF900DE0CE2 /* SSTableViewCell.swift in Sources */,
				B792748E1BF55E4400FFE21C /* AppDelegate.swift in Sources */,
				B78676241C697B420028663A /* ShiftShareModel.xcdatamodeld in Sources */,
			);
			runOnlyForDeploymentPostprocessing = 0;
		};
		B792749A1BF55E4400FFE21C /* Sources */ = {
			isa = PBXSourcesBuildPhase;
			buildActionMask = 2147483647;
			files = (
				B79274A31BF55E4400FFE21C /* Shift_ShareTests.swift in Sources */,
			);
			runOnlyForDeploymentPostprocessing = 0;
		};
		B79274A51BF55E4400FFE21C /* Sources */ = {
			isa = PBXSourcesBuildPhase;
			buildActionMask = 2147483647;
			files = (
				B79274AE1BF55E4400FFE21C /* Shift_ShareUITests.swift in Sources */,
			);
			runOnlyForDeploymentPostprocessing = 0;
		};
/* End PBXSourcesBuildPhase section */

/* Begin PBXTargetDependency section */
		B79274A01BF55E4400FFE21C /* PBXTargetDependency */ = {
			isa = PBXTargetDependency;
			target = B79274891BF55E4400FFE21C /* Shift Share */;
			targetProxy = B792749F1BF55E4400FFE21C /* PBXContainerItemProxy */;
		};
		B79274AB1BF55E4400FFE21C /* PBXTargetDependency */ = {
			isa = PBXTargetDependency;
			target = B79274891BF55E4400FFE21C /* Shift Share */;
			targetProxy = B79274AA1BF55E4400FFE21C /* PBXContainerItemProxy */;
		};
/* End PBXTargetDependency section */

/* Begin PBXVariantGroup section */
		B79274911BF55E4400FFE21C /* Main.storyboard */ = {
			isa = PBXVariantGroup;
			children = (
				B79274921BF55E4400FFE21C /* Base */,
			);
			name = Main.storyboard;
			sourceTree = "<group>";
		};
		B79274961BF55E4400FFE21C /* LaunchScreen.storyboard */ = {
			isa = PBXVariantGroup;
			children = (
				B79274971BF55E4400FFE21C /* Base */,
			);
			name = LaunchScreen.storyboard;
			sourceTree = "<group>";
		};
/* End PBXVariantGroup section */

/* Begin XCBuildConfiguration section */
		B79274B01BF55E4400FFE21C /* Debug */ = {
			isa = XCBuildConfiguration;
			buildSettings = {
				ALWAYS_SEARCH_USER_PATHS = NO;
				CLANG_CXX_LANGUAGE_STANDARD = "gnu++0x";
				CLANG_CXX_LIBRARY = "libc++";
				CLANG_ENABLE_MODULES = YES;
				CLANG_ENABLE_OBJC_ARC = YES;
				CLANG_WARN_BOOL_CONVERSION = YES;
				CLANG_WARN_CONSTANT_CONVERSION = YES;
				CLANG_WARN_DIRECT_OBJC_ISA_USAGE = YES_ERROR;
				CLANG_WARN_EMPTY_BODY = YES;
				CLANG_WARN_ENUM_CONVERSION = YES;
				CLANG_WARN_INT_CONVERSION = YES;
				CLANG_WARN_OBJC_ROOT_CLASS = YES_ERROR;
				CLANG_WARN_UNREACHABLE_CODE = YES;
				CLANG_WARN__DUPLICATE_METHOD_MATCH = YES;
				"CODE_SIGN_IDENTITY[sdk=iphoneos*]" = "iPhone Developer";
				COPY_PHASE_STRIP = NO;
				DEBUG_INFORMATION_FORMAT = dwarf;
				ENABLE_STRICT_OBJC_MSGSEND = YES;
				ENABLE_TESTABILITY = YES;
				GCC_C_LANGUAGE_STANDARD = gnu99;
				GCC_DYNAMIC_NO_PIC = NO;
				GCC_NO_COMMON_BLOCKS = YES;
				GCC_OPTIMIZATION_LEVEL = 0;
				GCC_PREPROCESSOR_DEFINITIONS = (
					"DEBUG=1",
					"$(inherited)",
				);
				GCC_WARN_64_TO_32_BIT_CONVERSION = YES;
				GCC_WARN_ABOUT_RETURN_TYPE = YES_ERROR;
				GCC_WARN_UNDECLARED_SELECTOR = YES;
				GCC_WARN_UNINITIALIZED_AUTOS = YES_AGGRESSIVE;
				GCC_WARN_UNUSED_FUNCTION = YES;
				GCC_WARN_UNUSED_VARIABLE = YES;
				IPHONEOS_DEPLOYMENT_TARGET = 9.1;
				MTL_ENABLE_DEBUG_INFO = YES;
				ONLY_ACTIVE_ARCH = YES;
				SDKROOT = iphoneos;
				SWIFT_OPTIMIZATION_LEVEL = "-Onone";
			};
			name = Debug;
		};
		B79274B11BF55E4400FFE21C /* Release */ = {
			isa = XCBuildConfiguration;
			buildSettings = {
				ALWAYS_SEARCH_USER_PATHS = NO;
				CLANG_CXX_LANGUAGE_STANDARD = "gnu++0x";
				CLANG_CXX_LIBRARY = "libc++";
				CLANG_ENABLE_MODULES = YES;
				CLANG_ENABLE_OBJC_ARC = YES;
				CLANG_WARN_BOOL_CONVERSION = YES;
				CLANG_WARN_CONSTANT_CONVERSION = YES;
				CLANG_WARN_DIRECT_OBJC_ISA_USAGE = YES_ERROR;
				CLANG_WARN_EMPTY_BODY = YES;
				CLANG_WARN_ENUM_CONVERSION = YES;
				CLANG_WARN_INT_CONVERSION = YES;
				CLANG_WARN_OBJC_ROOT_CLASS = YES_ERROR;
				CLANG_WARN_UNREACHABLE_CODE = YES;
				CLANG_WARN__DUPLICATE_METHOD_MATCH = YES;
				"CODE_SIGN_IDENTITY[sdk=iphoneos*]" = "iPhone Developer";
				COPY_PHASE_STRIP = NO;
				DEBUG_INFORMATION_FORMAT = "dwarf-with-dsym";
				ENABLE_NS_ASSERTIONS = NO;
				ENABLE_STRICT_OBJC_MSGSEND = YES;
				GCC_C_LANGUAGE_STANDARD = gnu99;
				GCC_NO_COMMON_BLOCKS = YES;
				GCC_WARN_64_TO_32_BIT_CONVERSION = YES;
				GCC_WARN_ABOUT_RETURN_TYPE = YES_ERROR;
				GCC_WARN_UNDECLARED_SELECTOR = YES;
				GCC_WARN_UNINITIALIZED_AUTOS = YES_AGGRESSIVE;
				GCC_WARN_UNUSED_FUNCTION = YES;
				GCC_WARN_UNUSED_VARIABLE = YES;
				IPHONEOS_DEPLOYMENT_TARGET = 9.1;
				MTL_ENABLE_DEBUG_INFO = NO;
				SDKROOT = iphoneos;
				VALIDATE_PRODUCT = YES;
			};
			name = Release;
		};
		B79274B31BF55E4400FFE21C /* Debug */ = {
			isa = XCBuildConfiguration;
			baseConfigurationReference = 964610BB11D66B011FC0E2C5 /* Pods-Shift Share.debug.xcconfig */;
			buildSettings = {
				ASSETCATALOG_COMPILER_APPICON_NAME = AppIcon;
				INFOPLIST_FILE = "Shift Share/Info.plist";
				LD_RUNPATH_SEARCH_PATHS = "$(inherited) @executable_path/Frameworks";
				PRODUCT_BUNDLE_IDENTIFIER = "com.josel.Shift-Share";
				PRODUCT_NAME = "$(TARGET_NAME)";
			};
			name = Debug;
		};
		B79274B41BF55E4400FFE21C /* Release */ = {
			isa = XCBuildConfiguration;
			baseConfigurationReference = 6DACC15CF003DFF0F2193ED2 /* Pods-Shift Share.release.xcconfig */;
			buildSettings = {
				ASSETCATALOG_COMPILER_APPICON_NAME = AppIcon;
				INFOPLIST_FILE = "Shift Share/Info.plist";
				LD_RUNPATH_SEARCH_PATHS = "$(inherited) @executable_path/Frameworks";
				PRODUCT_BUNDLE_IDENTIFIER = "com.josel.Shift-Share";
				PRODUCT_NAME = "$(TARGET_NAME)";
			};
			name = Release;
		};
		B79274B61BF55E4400FFE21C /* Debug */ = {
			isa = XCBuildConfiguration;
			buildSettings = {
				BUNDLE_LOADER = "$(TEST_HOST)";
				INFOPLIST_FILE = "Shift ShareTests/Info.plist";
				LD_RUNPATH_SEARCH_PATHS = "$(inherited) @executable_path/Frameworks @loader_path/Frameworks";
				PRODUCT_BUNDLE_IDENTIFIER = "com.josel.Shift-ShareTests";
				PRODUCT_NAME = "$(TARGET_NAME)";
				TEST_HOST = "$(BUILT_PRODUCTS_DIR)/Shift Share.app/Shift Share";
			};
			name = Debug;
		};
		B79274B71BF55E4400FFE21C /* Release */ = {
			isa = XCBuildConfiguration;
			buildSettings = {
				BUNDLE_LOADER = "$(TEST_HOST)";
				INFOPLIST_FILE = "Shift ShareTests/Info.plist";
				LD_RUNPATH_SEARCH_PATHS = "$(inherited) @executable_path/Frameworks @loader_path/Frameworks";
				PRODUCT_BUNDLE_IDENTIFIER = "com.josel.Shift-ShareTests";
				PRODUCT_NAME = "$(TARGET_NAME)";
				TEST_HOST = "$(BUILT_PRODUCTS_DIR)/Shift Share.app/Shift Share";
			};
			name = Release;
		};
		B79274B91BF55E4400FFE21C /* Debug */ = {
			isa = XCBuildConfiguration;
			buildSettings = {
				INFOPLIST_FILE = "Shift ShareUITests/Info.plist";
				LD_RUNPATH_SEARCH_PATHS = "$(inherited) @executable_path/Frameworks @loader_path/Frameworks";
				PRODUCT_BUNDLE_IDENTIFIER = "com.josel.Shift-ShareUITests";
				PRODUCT_NAME = "$(TARGET_NAME)";
				TEST_TARGET_NAME = "Shift Share";
				USES_XCTRUNNER = YES;
			};
			name = Debug;
		};
		B79274BA1BF55E4400FFE21C /* Release */ = {
			isa = XCBuildConfiguration;
			buildSettings = {
				INFOPLIST_FILE = "Shift ShareUITests/Info.plist";
				LD_RUNPATH_SEARCH_PATHS = "$(inherited) @executable_path/Frameworks @loader_path/Frameworks";
				PRODUCT_BUNDLE_IDENTIFIER = "com.josel.Shift-ShareUITests";
				PRODUCT_NAME = "$(TARGET_NAME)";
				TEST_TARGET_NAME = "Shift Share";
				USES_XCTRUNNER = YES;
			};
			name = Release;
		};
/* End XCBuildConfiguration section */

/* Begin XCConfigurationList section */
		B79274851BF55E4400FFE21C /* Build configuration list for PBXProject "Shift Share" */ = {
			isa = XCConfigurationList;
			buildConfigurations = (
				B79274B01BF55E4400FFE21C /* Debug */,
				B79274B11BF55E4400FFE21C /* Release */,
			);
			defaultConfigurationIsVisible = 0;
			defaultConfigurationName = Release;
		};
		B79274B21BF55E4400FFE21C /* Build configuration list for PBXNativeTarget "Shift Share" */ = {
			isa = XCConfigurationList;
			buildConfigurations = (
				B79274B31BF55E4400FFE21C /* Debug */,
				B79274B41BF55E4400FFE21C /* Release */,
			);
			defaultConfigurationIsVisible = 0;
			defaultConfigurationName = Release;
		};
		B79274B51BF55E4400FFE21C /* Build configuration list for PBXNativeTarget "Shift ShareTests" */ = {
			isa = XCConfigurationList;
			buildConfigurations = (
				B79274B61BF55E4400FFE21C /* Debug */,
				B79274B71BF55E4400FFE21C /* Release */,
			);
			defaultConfigurationIsVisible = 0;
			defaultConfigurationName = Release;
		};
		B79274B81BF55E4400FFE21C /* Build configuration list for PBXNativeTarget "Shift ShareUITests" */ = {
			isa = XCConfigurationList;
			buildConfigurations = (
				B79274B91BF55E4400FFE21C /* Debug */,
				B79274BA1BF55E4400FFE21C /* Release */,
			);
			defaultConfigurationIsVisible = 0;
			defaultConfigurationName = Release;
		};
/* End XCConfigurationList section */

/* Begin XCVersionGroup section */
		B78676221C697B420028663A /* ShiftShareModel.xcdatamodeld */ = {
			isa = XCVersionGroup;
			children = (
				B78676231C697B420028663A /* ShiftShareModel.xcdatamodel */,
			);
			currentVersion = B78676231C697B420028663A /* ShiftShareModel.xcdatamodel */;
			path = ShiftShareModel.xcdatamodeld;
			sourceTree = "<group>";
			versionGroupType = wrapper.xcdatamodel;
		};
/* End XCVersionGroup section */
	};
	rootObject = B79274821BF55E4400FFE21C /* Project object */;
}
